
Microsoft Visual Studio Solution File, Format Version 12.00
# Visual Studio Version 17
VisualStudioVersion = 17.2.32630.192
MinimumVisualStudioVersion = 10.0.40219.1
Project("{FAE04EC0-301F-11D3-BF4B-00C04F79EFBC}") = "BankDotNet.API", "BankDotNet.API\BankDotNet.API.csproj", "{65636EFD-6D65-4F6B-82D5-CDCF672A1771}"
EndProject
Project("{FAE04EC0-301F-11D3-BF4B-00C04F79EFBC}") = "BankOfDotNet.IdentityServer", "BankOfDotNet.IdentityServer\BankOfDotNet.IdentityServer.csproj", "{B8E2179F-DB58-4A30-BB68-B628137CC62B}"
EndProject
Global
	GlobalSection(SolutionConfigurationPlatforms) = preSolution
		Debug|Any CPU = Debug|Any CPU
		Release|Any CPU = Release|Any CPU
	EndGlobalSection
	GlobalSection(ProjectConfigurationPlatforms) = postSolution
		{65636EFD-6D65-4F6B-82D5-CDCF672A1771}.Debug|Any CPU.ActiveCfg = Debug|Any CPU
		{65636EFD-6D65-4F6B-82D5-CDCF672A1771}.Debug|Any CPU.Build.0 = Debug|Any CPU
		{65636EFD-6D65-4F6B-82D5-CDCF672A1771}.Release|Any CPU.ActiveCfg = Release|Any CPU
		{65636EFD-6D65-4F6B-82D5-CDCF672A1771}.Release|Any CPU.Build.0 = Release|Any CPU
		{B8E2179F-DB58-4A30-BB68-B628137CC62B}.Debug|Any CPU.ActiveCfg = Debug|Any CPU
		{B8E2179F-DB58-4A30-BB68-B628137CC62B}.Debug|Any CPU.Build.0 = Debug|Any CPU
		{B8E2179F-DB58-4A30-BB68-B628137CC62B}.Release|Any CPU.ActiveCfg = Release|Any CPU
		{B8E2179F-DB58-4A30-BB68-B628137CC62B}.Release|Any CPU.Build.0 = Release|Any CPU
	EndGlobalSection
	GlobalSection(SolutionProperties) = preSolution
		HideSolutionNode = FALSE
	EndGlobalSection
	GlobalSection(ExtensibilityGlobals) = postSolution
		SolutionGuid = {0B7B9408-3BAE-4677-9105-8D10E35DBE2F}
	EndGlobalSection
EndGlobal
